{
  "name": "playground",
  "lockfileVersion": 3,
  "requires": true,
  "packages": {
    "": {
      "name": "playground",
      "dependencies": {
        "@types/uuid": "^10.0.0",
        "class-variance-authority": "^0.7.0",
        "hono": "^4.5.1",
        "htmx.org": "2.0.1",
        "tailwind-merge": "^2.4.0",
        "uuid": "^10.0.0",
        "zod": "^3.23.8"
      },
      "devDependencies": {
        "@types/bun": "latest"
      }
    },
    "node_modules/@types/bun": {
      "version": "1.1.6",
      "resolved": "https://inditex.jfrog.io/artifactory/api/npm/node-public/@types/bun/-/bun-1.1.6.tgz",
      "integrity": "sha512-uJgKjTdX0GkWEHZzQzFsJkWp5+43ZS7HC8sZPFnOwnSo1AsNl2q9o2bFeS23disNDqbggEgyFkKCHl/w8iZsMA==",
      "dev": true,
      "dependencies": {
        "bun-types": "1.1.17"
      }
    },
    "node_modules/@types/node": {
      "version": "20.12.14",
      "resolved": "https://inditex.jfrog.io/artifactory/api/npm/node-public/@types/node/-/node-20.12.14.tgz",
      "integrity": "sha512-scnD59RpYD91xngrQQLGkE+6UrHUPzeKZWhhjBSa3HSkwjbQc38+q3RoIVEwxQGRw3M+j5hpNAM+lgV3cVormg==",
      "dev": true,
      "dependencies": {
        "undici-types": "~5.26.4"
      }
    },
    "node_modules/@types/uuid": {
      "version": "10.0.0",
      "resolved": "https://inditex.jfrog.io/artifactory/api/npm/node-public/@types/uuid/-/uuid-10.0.0.tgz",
      "integrity": "sha512-7gqG38EyHgyP1S+7+xomFtL+ZNHcKv6DwNaCZmJmo1vgMugyF3TCnXVg4t1uk89mLNwnLtnY3TpOpCOyp1/xHQ=="
    },
    "node_modules/@types/ws": {
      "version": "8.5.11",
      "resolved": "https://inditex.jfrog.io/artifactory/api/npm/node-public/@types/ws/-/ws-8.5.11.tgz",
      "integrity": "sha512-4+q7P5h3SpJxaBft0Dzpbr6lmMaqh0Jr2tbhJZ/luAwvD7ohSCniYkwz/pLxuT2h0EOa6QADgJj1Ko+TzRfZ+w==",
      "dev": true,
      "dependencies": {
        "@types/node": "*"
      }
    },
    "node_modules/bun-types": {
      "version": "1.1.17",
      "resolved": "https://inditex.jfrog.io/artifactory/api/npm/node-public/bun-types/-/bun-types-1.1.17.tgz",
      "integrity": "sha512-Z4+OplcSd/YZq7ZsrfD00DKJeCwuNY96a1IDJyR73+cTBaFIS7SC6LhpY/W3AMEXO9iYq5NJ58WAwnwL1p5vKg==",
      "dev": true,
      "dependencies": {
        "@types/node": "~20.12.8",
        "@types/ws": "~8.5.10"
      }
    },
    "node_modules/class-variance-authority": {
      "version": "0.7.0",
      "resolved": "https://inditex.jfrog.io/artifactory/api/npm/node-public/class-variance-authority/-/class-variance-authority-0.7.0.tgz",
      "integrity": "sha512-jFI8IQw4hczaL4ALINxqLEXQbWcNjoSkloa4IaufXCJr6QawJyw7tuRysRsrE8w2p/4gGaxKIt/hX3qz/IbD1A==",
      "dependencies": {
        "clsx": "2.0.0"
      },
      "funding": {
        "url": "https://joebell.co.uk"
      }
    },
    "node_modules/clsx": {
      "version": "2.0.0",
      "resolved": "https://inditex.jfrog.io/artifactory/api/npm/node-public/clsx/-/clsx-2.0.0.tgz",
      "integrity": "sha512-rQ1+kcj+ttHG0MKVGBUXwayCCF1oh39BF5COIpRzuCEv8Mwjv0XucrI2ExNTOn9IlLifGClWQcU9BrZORvtw6Q==",
      "engines": {
        "node": ">=6"
      }
    },
    "node_modules/hono": {
      "version": "4.5.1",
      "resolved": "https://inditex.jfrog.io/artifactory/api/npm/node-public/hono/-/hono-4.5.1.tgz",
      "integrity": "sha512-6q8AugoWG5wlrjdGG8OFFiqEsPlPGjODjUik48sEJeko4Tae1UsLS2vUiYHLEJx1gJvOZa4BWkQC+urwDmkEvQ==",
      "engines": {
        "node": ">=16.0.0"
      }
    },
    "node_modules/htmx.org": {
      "version": "2.0.1",
      "resolved": "https://inditex.jfrog.io/artifactory/api/npm/node-public/htmx.org/-/htmx.org-2.0.1.tgz",
      "integrity": "sha512-wO/rWlveSLD2mzRS9Em0v5hlsi6r21iUvaS17GPMgehBbM7eoQmqGQCkscsM67poF24zONgq3gQv+q/cgCHn2w=="
    },
    "node_modules/tailwind-merge": {
      "version": "2.4.0",
      "resolved": "https://inditex.jfrog.io/artifactory/api/npm/node-public/tailwind-merge/-/tailwind-merge-2.4.0.tgz",
      "integrity": "sha512-49AwoOQNKdqKPd9CViyH5wJoSKsCDjUlzL8DxuGp3P1FsGY36NJDAa18jLZcaHAUUuTj+JB8IAo8zWgBNvBF7A==",
      "funding": {
        "type": "github",
        "url": "https://github.com/sponsors/dcastil"
      }
    },
    "node_modules/undici-types": {
      "version": "5.26.5",
      "resolved": "https://inditex.jfrog.io/artifactory/api/npm/node-public/undici-types/-/undici-types-5.26.5.tgz",
      "integrity": "sha512-JlCMO+ehdEIKqlFxk6IfVoAUVmgz7cU7zD/h9XZ0qzeosSHmUJVOzSQvvYSYWXkFXC+IfLKSIffhv0sVZup6pA==",
      "dev": true
    },
    "node_modules/uuid": {
      "version": "10.0.0",
      "resolved": "https://inditex.jfrog.io/artifactory/api/npm/node-public/uuid/-/uuid-10.0.0.tgz",
      "integrity": "sha512-8XkAphELsDnEGrDxUOHB3RGvXz6TeuYSGEZBOjtTtPm2lwhGBjLgOzLHB63IUWfBpNucQjND6d3AOudO+H3RWQ==",
      "funding": [
        "https://github.com/sponsors/broofa",
        "https://github.com/sponsors/ctavan"
      ],
      "bin": {
        "uuid": "dist/bin/uuid"
      }
    },
    "node_modules/zod": {
      "version": "3.23.8",
      "resolved": "https://inditex.jfrog.io/artifactory/api/npm/node-public/zod/-/zod-3.23.8.tgz",
      "integrity": "sha512-XBx9AXhXktjUqnepgTiE5flcKIYWi/rme0Eaj+5Y0lftuGBq+jyRu/md4WnuxqgP1ubdpNCsYEYPxrzVHD8d6g==",
      "funding": {
        "url": "https://github.com/sponsors/colinhacks"
      }
    }
  }
}
